<?xml version="1.0" encoding="utf-8"?>
<Project ToolsVersion="16.0" xmlns="http://schemas.microsoft.com/developer/msbuild/2003">
  <ItemGroup>
    <ClCompile Include="C:\Users\Moritz\Desktop\MLang\src\llvmMain.cpp">
      <Filter>Source Files</Filter>
    </ClCompile>
    <ClCompile Include="C:\Users\Moritz\Desktop\MLang\gen\MGrammarLexer.cpp">
      <Filter>Source Files</Filter>
    </ClCompile>
    <ClCompile Include="C:\Users\Moritz\Desktop\MLang\gen\MGrammarParser.cpp">
      <Filter>Source Files</Filter>
    </ClCompile>
    <ClCompile Include="C:\Users\Moritz\Desktop\MLang\gen\MGrammarBaseListener.cpp">
      <Filter>Source Files</Filter>
    </ClCompile>
    <ClCompile Include="C:\Users\Moritz\Desktop\MLang\gen\MGrammarListener.cpp">
      <Filter>Source Files</Filter>
    </ClCompile>
    <ClCompile Include="C:\Users\Moritz\Desktop\MLang\gen\MGrammarBaseVisitor.cpp">
      <Filter>Source Files</Filter>
    </ClCompile>
    <ClCompile Include="C:\Users\Moritz\Desktop\MLang\gen\MGrammarVisitor.cpp">
      <Filter>Source Files</Filter>
    </ClCompile>
  </ItemGroup>
  <ItemGroup>
    <ClInclude Include="C:\Users\Moritz\Desktop\MLang\gen\MGrammarLexer.h">
      <Filter>Header Files</Filter>
    </ClInclude>
    <ClInclude Include="C:\Users\Moritz\Desktop\MLang\gen\MGrammarParser.h">
      <Filter>Header Files</Filter>
    </ClInclude>
    <ClInclude Include="C:\Users\Moritz\Desktop\MLang\gen\MGrammarBaseListener.h">
      <Filter>Header Files</Filter>
    </ClInclude>
    <ClInclude Include="C:\Users\Moritz\Desktop\MLang\gen\MGrammarListener.h">
      <Filter>Header Files</Filter>
    </ClInclude>
    <ClInclude Include="C:\Users\Moritz\Desktop\MLang\gen\MGrammarBaseVisitor.h">
      <Filter>Header Files</Filter>
    </ClInclude>
    <ClInclude Include="C:\Users\Moritz\Desktop\MLang\gen\MGrammarVisitor.h">
      <Filter>Header Files</Filter>
    </ClInclude>
  </ItemGroup>
  <ItemGroup>
    <CustomBuild Include="C:\Users\Moritz\Desktop\MLang\CMakeFiles\6197fda8616e7762c265c014c168eab2\MGrammarLexer.interp.rule">
      <Filter>CMake Rules</Filter>
    </CustomBuild>
    <CustomBuild Include="C:\Users\Moritz\Desktop\MLang\CMakeLists.txt" />
  </ItemGroup>
  <ItemGroup>
    <Filter Include="CMake Rules">
      <UniqueIdentifier>{685A0B76-1961-33C4-9665-E7A84BCCB93F}</UniqueIdentifier>
    </Filter>
    <Filter Include="Header Files">
      <UniqueIdentifier>{9A926B53-EB43-3F04-AD88-1D361A7BBACF}</UniqueIdentifier>
    </Filter>
    <Filter Include="Source Files">
      <UniqueIdentifier>{92118D4E-1FC3-3006-889D-74037F2BC95D}</UniqueIdentifier>
    </Filter>
  </ItemGroup>
</Project>
